
Microsoft Visual Studio Solution File, Format Version 12.00
# Visual Studio Version 17
VisualStudioVersion = 17.8.34408.163
MinimumVisualStudioVersion = 10.0.40219.1
Project("{9A19103F-16F7-4668-BE54-9A1E7A4F7556}") = "AstraNASM", "AstraNASM.csproj", "{89B4E8E1-F356-4087-A24A-7794ADFB9D31}"
EndProject
Project("{9A19103F-16F7-4668-BE54-9A1E7A4F7556}") = "AstraTests", "..\Tests\AstraTests.csproj", "{A7497CAD-4C32-4564-9E42-CDD066D71E1F}"
EndProject
Project("{FAE04EC0-301F-11D3-BF4B-00C04F79EFBC}") = "nasm simulator", "..\nasm simulator\nasm simulator.csproj", "{794564BE-AC9D-470F-ADC5-73646EEB5234}"
EndProject
Global
	GlobalSection(SolutionConfigurationPlatforms) = preSolution
		Debug|Any CPU = Debug|Any CPU
		Release|Any CPU = Release|Any CPU
	EndGlobalSection
	GlobalSection(ProjectConfigurationPlatforms) = postSolution
		{89B4E8E1-F356-4087-A24A-7794ADFB9D31}.Debug|Any CPU.ActiveCfg = Debug|Any CPU
		{89B4E8E1-F356-4087-A24A-7794ADFB9D31}.Debug|Any CPU.Build.0 = Debug|Any CPU
		{89B4E8E1-F356-4087-A24A-7794ADFB9D31}.Release|Any CPU.ActiveCfg = Release|Any CPU
		{89B4E8E1-F356-4087-A24A-7794ADFB9D31}.Release|Any CPU.Build.0 = Release|Any CPU
		{A7497CAD-4C32-4564-9E42-CDD066D71E1F}.Debug|Any CPU.ActiveCfg = Debug|Any CPU
		{A7497CAD-4C32-4564-9E42-CDD066D71E1F}.Debug|Any CPU.Build.0 = Debug|Any CPU
		{A7497CAD-4C32-4564-9E42-CDD066D71E1F}.Release|Any CPU.ActiveCfg = Release|Any CPU
		{A7497CAD-4C32-4564-9E42-CDD066D71E1F}.Release|Any CPU.Build.0 = Release|Any CPU
		{794564BE-AC9D-470F-ADC5-73646EEB5234}.Debug|Any CPU.ActiveCfg = Debug|Any CPU
		{794564BE-AC9D-470F-ADC5-73646EEB5234}.Debug|Any CPU.Build.0 = Debug|Any CPU
		{794564BE-AC9D-470F-ADC5-73646EEB5234}.Release|Any CPU.ActiveCfg = Release|Any CPU
		{794564BE-AC9D-470F-ADC5-73646EEB5234}.Release|Any CPU.Build.0 = Release|Any CPU
	EndGlobalSection
	GlobalSection(SolutionProperties) = preSolution
		HideSolutionNode = FALSE
	EndGlobalSection
	GlobalSection(ExtensibilityGlobals) = postSolution
		SolutionGuid = {57A03929-77C6-4BFA-94C1-3F77BD8BB9DB}
	EndGlobalSection
EndGlobal
